
Microsoft Visual Studio Solution File, Format Version 12.00
Project("{FAE04EC0-301F-11D3-BF4B-00C04F79EFBC}") = "getter-setter-expression", "getter-setter-expression\getter-setter-expression.csproj", "{92600920-8344-4874-B72F-760FB8B1351A}"
EndProject
Global
	GlobalSection(SolutionConfigurationPlatforms) = preSolution
		Debug|Any CPU = Debug|Any CPU
		Release|Any CPU = Release|Any CPU
	EndGlobalSection
	GlobalSection(ProjectConfigurationPlatforms) = postSolution
		{92600920-8344-4874-B72F-760FB8B1351A}.Debug|Any CPU.ActiveCfg = Debug|Any CPU
		{92600920-8344-4874-B72F-760FB8B1351A}.Debug|Any CPU.Build.0 = Debug|Any CPU
		{92600920-8344-4874-B72F-760FB8B1351A}.Release|Any CPU.ActiveCfg = Release|Any CPU
		{92600920-8344-4874-B72F-760FB8B1351A}.Release|Any CPU.Build.0 = Release|Any CPU
	EndGlobalSection
EndGlobal
